PODS:
  - ailia (0.0.1):
    - Flutter
  - ailia_audio (0.0.1):
    - Flutter
  - ailia_voice (0.0.1):
    - Flutter
  - audioplayers_darwin (0.0.1):
    - Flutter
  - Flutter (1.0.0)
  - integration_test (0.0.1):
    - Flutter
  - path_provider_foundation (0.0.1):
    - Flutter
    - FlutterMacOS

DEPENDENCIES:
  - ailia (from `.symlinks/plugins/ailia/ios`)
  - ailia_audio (from `.symlinks/plugins/ailia_audio/ios`)
  - ailia_voice (from `.symlinks/plugins/ailia_voice/ios`)
  - audioplayers_darwin (from `.symlinks/plugins/audioplayers_darwin/ios`)
  - Flutter (from `Flutter`)
  - integration_test (from `.symlinks/plugins/integration_test/ios`)
  - path_provider_foundation (from `.symlinks/plugins/path_provider_foundation/darwin`)

EXTERNAL SOURCES:
  ailia:
    :path: ".symlinks/plugins/ailia/ios"
  ailia_audio:
    :path: ".symlinks/plugins/ailia_audio/ios"
  ailia_voice:
    :path: ".symlinks/plugins/ailia_voice/ios"
  audioplayers_darwin:
    :path: ".symlinks/plugins/audioplayers_darwin/ios"
  Flutter:
    :path: Flutter
  integration_test:
    :path: ".symlinks/plugins/integration_test/ios"
  path_provider_foundation:
    :path: ".symlinks/plugins/path_provider_foundation/darwin"

SPEC CHECKSUMS:
  ailia: dfd9d82d32f8858e00de4dfbbd215f055b9f1846
  ailia_audio: 5d473878c872e2adea458b313d87ec39fafe2939
  ailia_voice: e1e4de56e23fde371980c529efc2ec740655d479
  audioplayers_darwin: 877d9a4d06331c5c374595e46e16453ac7eafa40
  Flutter: e0871f40cf51350855a761d2e70bf5af5b9b5de7
  integration_test: 13825b8a9334a850581300559b8839134b124670
  path_provider_foundation: 2b6b4c569c0fb62ec74538f866245ac84301af46

PODFILE CHECKSUM: 819463e6a0290f5a72f145ba7cde16e8b6ef0796

COCOAPODS: 1.15.2
