PODS:
  - ailia (0.0.1):
    - FlutterMacOS
  - ailia_audio (0.0.1):
    - FlutterMacOS
  - ailia_voice (0.0.1):
    - FlutterMacOS
  - FlutterMacOS (1.0.0)

DEPENDENCIES:
  - ailia (from `Flutter/ephemeral/.symlinks/plugins/ailia/macos`)
  - ailia_audio (from `Flutter/ephemeral/.symlinks/plugins/ailia_audio/macos`)
  - ailia_voice (from `Flutter/ephemeral/.symlinks/plugins/ailia_voice/macos`)
  - FlutterMacOS (from `Flutter/ephemeral`)

EXTERNAL SOURCES:
  ailia:
    :path: Flutter/ephemeral/.symlinks/plugins/ailia/macos
  ailia_audio:
    :path: Flutter/ephemeral/.symlinks/plugins/ailia_audio/macos
  ailia_voice:
    :path: Flutter/ephemeral/.symlinks/plugins/ailia_voice/macos
  FlutterMacOS:
    :path: Flutter/ephemeral

SPEC CHECKSUMS:
  ailia: 9836b7ce6ec432bfecb1ed5ec5a3d1cb4d648bad
  ailia_audio: debcc199da67cdfef543165c5b07f2a434f681df
  ailia_voice: 2ed4de5c9dee2b2be67c8877d8076fc4518268ac
  FlutterMacOS: 8f6f14fa908a6fb3fba0cd85dbd81ec4b251fb24

PODFILE CHECKSUM: 236401fc2c932af29a9fcf0e97baeeb2d750d367

COCOAPODS: 1.15.2
